// !$*UTF8*$!
{
	archiveVersion = 1;
	classes = {
	};
	objectVersion = 46;
	objects = {

/* Begin PBXBuildFile section */
		11208D9718A2C0DE008E8721 /* tarefas.txt in Resources */ = {isa = PBXBuildFile; fileRef = 11208D9618A2C0DE008E8721 /* tarefas.txt */; };
		11F9841918A53D6300BC743B /* DMVTableVController.m in Sources */ = {isa = PBXBuildFile; fileRef = 11F9841818A53D6300BC743B /* DMVTableVController.m */; };
		8F9F95F818A2B9BA0015EA00 /* Foundation.framework in Frameworks */ = {isa = PBXBuildFile; fileRef = 8F9F95F718A2B9BA0015EA00 /* Foundation.framework */; };
		8F9F95FA18A2B9BA0015EA00 /* CoreGraphics.framework in Frameworks */ = {isa = PBXBuildFile; fileRef = 8F9F95F918A2B9BA0015EA00 /* CoreGraphics.framework */; };
		8F9F95FC18A2B9BA0015EA00 /* UIKit.framework in Frameworks */ = {isa = PBXBuildFile; fileRef = 8F9F95FB18A2B9BA0015EA00 /* UIKit.framework */; };
		8F9F960218A2B9BA0015EA00 /* InfoPlist.strings in Resources */ = {isa = PBXBuildFile; fileRef = 8F9F960018A2B9BA0015EA00 /* InfoPlist.strings */; };
		8F9F960418A2B9BA0015EA00 /* main.m in Sources */ = {isa = PBXBuildFile; fileRef = 8F9F960318A2B9BA0015EA00 /* main.m */; };
		8F9F960818A2B9BA0015EA00 /* DMVAppDelegate.m in Sources */ = {isa = PBXBuildFile; fileRef = 8F9F960718A2B9BA0015EA00 /* DMVAppDelegate.m */; };
		8F9F960B18A2B9BA0015EA00 /* Main.storyboard in Resources */ = {isa = PBXBuildFile; fileRef = 8F9F960918A2B9BA0015EA00 /* Main.storyboard */; };
		8F9F960E18A2B9BA0015EA00 /* DMVViewController.m in Sources */ = {isa = PBXBuildFile; fileRef = 8F9F960D18A2B9BA0015EA00 /* DMVViewController.m */; };
		8F9F961018A2B9BA0015EA00 /* Images.xcassets in Resources */ = {isa = PBXBuildFile; fileRef = 8F9F960F18A2B9BA0015EA00 /* Images.xcassets */; };
		8F9F961718A2B9BA0015EA00 /* XCTest.framework in Frameworks */ = {isa = PBXBuildFile; fileRef = 8F9F961618A2B9BA0015EA00 /* XCTest.framework */; };
		8F9F961818A2B9BA0015EA00 /* Foundation.framework in Frameworks */ = {isa = PBXBuildFile; fileRef = 8F9F95F718A2B9BA0015EA00 /* Foundation.framework */; };
		8F9F961918A2B9BA0015EA00 /* UIKit.framework in Frameworks */ = {isa = PBXBuildFile; fileRef = 8F9F95FB18A2B9BA0015EA00 /* UIKit.framework */; };
		8F9F962118A2B9BA0015EA00 /* InfoPlist.strings in Resources */ = {isa = PBXBuildFile; fileRef = 8F9F961F18A2B9BA0015EA00 /* InfoPlist.strings */; };
		8F9F962318A2B9BA0015EA00 /* MPLTests.m in Sources */ = {isa = PBXBuildFile; fileRef = 8F9F962218A2B9BA0015EA00 /* MPLTests.m */; };
		8F9F962D18A2C00B0015EA00 /* CoreLocation.framework in Frameworks */ = {isa = PBXBuildFile; fileRef = 8F9F962C18A2C00B0015EA00 /* CoreLocation.framework */; };
		8F9F962F18A2C0120015EA00 /* MapKit.framework in Frameworks */ = {isa = PBXBuildFile; fileRef = 8F9F962E18A2C0120015EA00 /* MapKit.framework */; };
/* End PBXBuildFile section */

/* Begin PBXContainerItemProxy section */
		8F9F961A18A2B9BA0015EA00 /* PBXContainerItemProxy */ = {
			isa = PBXContainerItemProxy;
			containerPortal = 8F9F95EC18A2B9BA0015EA00 /* Project object */;
			proxyType = 1;
			remoteGlobalIDString = 8F9F95F318A2B9BA0015EA00;
			remoteInfo = MPL;
		};
/* End PBXContainerItemProxy section */

/* Begin PBXFileReference section */
		11208D9618A2C0DE008E8721 /* tarefas.txt */ = {isa = PBXFileReference; fileEncoding = 4; lastKnownFileType = text; path = tarefas.txt; sourceTree = "<group>"; };
		11F9841718A53D6300BC743B /* DMVTableVController.h */ = {isa = PBXFileReference; fileEncoding = 4; lastKnownFileType = sourcecode.c.h; path = DMVTableVController.h; sourceTree = "<group>"; };
		11F9841818A53D6300BC743B /* DMVTableVController.m */ = {isa = PBXFileReference; fileEncoding = 4; lastKnownFileType = sourcecode.c.objc; path = DMVTableVController.m; sourceTree = "<group>"; };
		8F9F95F418A2B9BA0015EA00 /* MPL.app */ = {isa = PBXFileReference; explicitFileType = wrapper.application; includeInIndex = 0; path = MPL.app; sourceTree = BUILT_PRODUCTS_DIR; };
		8F9F95F718A2B9BA0015EA00 /* Foundation.framework */ = {isa = PBXFileReference; lastKnownFileType = wrapper.framework; name = Foundation.framework; path = System/Library/Frameworks/Foundation.framework; sourceTree = SDKROOT; };
		8F9F95F918A2B9BA0015EA00 /* CoreGraphics.framework */ = {isa = PBXFileReference; lastKnownFileType = wrapper.framework; name = CoreGraphics.framework; path = System/Library/Frameworks/CoreGraphics.framework; sourceTree = SDKROOT; };
		8F9F95FB18A2B9BA0015EA00 /* UIKit.framework */ = {isa = PBXFileReference; lastKnownFileType = wrapper.framework; name = UIKit.framework; path = System/Library/Frameworks/UIKit.framework; sourceTree = SDKROOT; };
		8F9F95FF18A2B9BA0015EA00 /* MPL-Info.plist */ = {isa = PBXFileReference; lastKnownFileType = text.plist.xml; path = "MPL-Info.plist"; sourceTree = "<group>"; };
		8F9F960118A2B9BA0015EA00 /* en */ = {isa = PBXFileReference; lastKnownFileType = text.plist.strings; name = en; path = en.lproj/InfoPlist.strings; sourceTree = "<group>"; };
		8F9F960318A2B9BA0015EA00 /* main.m */ = {isa = PBXFileReference; lastKnownFileType = sourcecode.c.objc; path = main.m; sourceTree = "<group>"; };
		8F9F960518A2B9BA0015EA00 /* MPL-Prefix.pch */ = {isa = PBXFileReference; lastKnownFileType = sourcecode.c.h; path = "MPL-Prefix.pch"; sourceTree = "<group>"; };
		8F9F960618A2B9BA0015EA00 /* DMVAppDelegate.h */ = {isa = PBXFileReference; lastKnownFileType = sourcecode.c.h; path = DMVAppDelegate.h; sourceTree = "<group>"; };
		8F9F960718A2B9BA0015EA00 /* DMVAppDelegate.m */ = {isa = PBXFileReference; lastKnownFileType = sourcecode.c.objc; path = DMVAppDelegate.m; sourceTree = "<group>"; };
		8F9F960A18A2B9BA0015EA00 /* Base */ = {isa = PBXFileReference; lastKnownFileType = file.storyboard; name = Base; path = Base.lproj/Main.storyboard; sourceTree = "<group>"; };
		8F9F960C18A2B9BA0015EA00 /* DMVViewController.h */ = {isa = PBXFileReference; lastKnownFileType = sourcecode.c.h; path = DMVViewController.h; sourceTree = "<group>"; };
		8F9F960D18A2B9BA0015EA00 /* DMVViewController.m */ = {isa = PBXFileReference; lastKnownFileType = sourcecode.c.objc; path = DMVViewController.m; sourceTree = "<group>"; };
		8F9F960F18A2B9BA0015EA00 /* Images.xcassets */ = {isa = PBXFileReference; lastKnownFileType = folder.assetcatalog; path = Images.xcassets; sourceTree = "<group>"; };
		8F9F961518A2B9BA0015EA00 /* MPLTests.xctest */ = {isa = PBXFileReference; explicitFileType = wrapper.cfbundle; includeInIndex = 0; path = MPLTests.xctest; sourceTree = BUILT_PRODUCTS_DIR; };
		8F9F961618A2B9BA0015EA00 /* XCTest.framework */ = {isa = PBXFileReference; lastKnownFileType = wrapper.framework; name = XCTest.framework; path = Library/Frameworks/XCTest.framework; sourceTree = DEVELOPER_DIR; };
		8F9F961E18A2B9BA0015EA00 /* MPLTests-Info.plist */ = {isa = PBXFileReference; lastKnownFileType = text.plist.xml; path = "MPLTests-Info.plist"; sourceTree = "<group>"; };
		8F9F962018A2B9BA0015EA00 /* en */ = {isa = PBXFileReference; lastKnownFileType = text.plist.strings; name = en; path = en.lproj/InfoPlist.strings; sourceTree = "<group>"; };
		8F9F962218A2B9BA0015EA00 /* MPLTests.m */ = {isa = PBXFileReference; lastKnownFileType = sourcecode.c.objc; path = MPLTests.m; sourceTree = "<group>"; };
		8F9F962C18A2C00B0015EA00 /* CoreLocation.framework */ = {isa = PBXFileReference; lastKnownFileType = wrapper.framework; name = CoreLocation.framework; path = System/Library/Frameworks/CoreLocation.framework; sourceTree = SDKROOT; };
		8F9F962E18A2C0120015EA00 /* MapKit.framework */ = {isa = PBXFileReference; lastKnownFileType = wrapper.framework; name = MapKit.framework; path = System/Library/Frameworks/MapKit.framework; sourceTree = SDKROOT; };
/* End PBXFileReference section */

/* Begin PBXFrameworksBuildPhase section */
		8F9F95F118A2B9BA0015EA00 /* Frameworks */ = {
			isa = PBXFrameworksBuildPhase;
			buildActionMask = 2147483647;
			files = (
				8F9F962F18A2C0120015EA00 /* MapKit.framework in Frameworks */,
				8F9F962D18A2C00B0015EA00 /* CoreLocation.framework in Frameworks */,
				8F9F95FA18A2B9BA0015EA00 /* CoreGraphics.framework in Frameworks */,
				8F9F95FC18A2B9BA0015EA00 /* UIKit.framework in Frameworks */,
				8F9F95F818A2B9BA0015EA00 /* Foundation.framework in Frameworks */,
			);
			runOnlyForDeploymentPostprocessing = 0;
		};
		8F9F961218A2B9BA0015EA00 /* Frameworks */ = {
			isa = PBXFrameworksBuildPhase;
			buildActionMask = 2147483647;
			files = (
				8F9F961718A2B9BA0015EA00 /* XCTest.framework in Frameworks */,
				8F9F961918A2B9BA0015EA00 /* UIKit.framework in Frameworks */,
				8F9F961818A2B9BA0015EA00 /* Foundation.framework in Frameworks */,
			);
			runOnlyForDeploymentPostprocessing = 0;
		};
/* End PBXFrameworksBuildPhase section */

/* Begin PBXGroup section */
		8F9F95EB18A2B9BA0015EA00 = {
			isa = PBXGroup;
			children = (
				8F9F95FD18A2B9BA0015EA00 /* MPL */,
				8F9F961C18A2B9BA0015EA00 /* MPLTests */,
				8F9F95F618A2B9BA0015EA00 /* Frameworks */,
				8F9F95F518A2B9BA0015EA00 /* Products */,
			);
			sourceTree = "<group>";
		};
		8F9F95F518A2B9BA0015EA00 /* Products */ = {
			isa = PBXGroup;
			children = (
				8F9F95F418A2B9BA0015EA00 /* MPL.app */,
				8F9F961518A2B9BA0015EA00 /* MPLTests.xctest */,
			);
			name = Products;
			sourceTree = "<group>";
		};
		8F9F95F618A2B9BA0015EA00 /* Frameworks */ = {
			isa = PBXGroup;
			children = (
				8F9F962E18A2C0120015EA00 /* MapKit.framework */,
				8F9F962C18A2C00B0015EA00 /* CoreLocation.framework */,
				8F9F95F718A2B9BA0015EA00 /* Foundation.framework */,
				8F9F95F918A2B9BA0015EA00 /* CoreGraphics.framework */,
				8F9F95FB18A2B9BA0015EA00 /* UIKit.framework */,
				8F9F961618A2B9BA0015EA00 /* XCTest.framework */,
			);
			name = Frameworks;
			sourceTree = "<group>";
		};
		8F9F95FD18A2B9BA0015EA00 /* MPL */ = {
			isa = PBXGroup;
			children = (
				11F9841718A53D6300BC743B /* DMVTableVController.h */,
				11F9841818A53D6300BC743B /* DMVTableVController.m */,
				11208D9618A2C0DE008E8721 /* tarefas.txt */,
				8F9F960618A2B9BA0015EA00 /* DMVAppDelegate.h */,
				8F9F960718A2B9BA0015EA00 /* DMVAppDelegate.m */,
				8F9F960918A2B9BA0015EA00 /* Main.storyboard */,
				8F9F960C18A2B9BA0015EA00 /* DMVViewController.h */,
				8F9F960D18A2B9BA0015EA00 /* DMVViewController.m */,
				8F9F960F18A2B9BA0015EA00 /* Images.xcassets */,
				8F9F95FE18A2B9BA0015EA00 /* Supporting Files */,
			);
			path = MPL;
			sourceTree = "<group>";
		};
		8F9F95FE18A2B9BA0015EA00 /* Supporting Files */ = {
			isa = PBXGroup;
			children = (
				8F9F95FF18A2B9BA0015EA00 /* MPL-Info.plist */,
				8F9F960018A2B9BA0015EA00 /* InfoPlist.strings */,
				8F9F960318A2B9BA0015EA00 /* main.m */,
				8F9F960518A2B9BA0015EA00 /* MPL-Prefix.pch */,
			);
			name = "Supporting Files";
			sourceTree = "<group>";
		};
		8F9F961C18A2B9BA0015EA00 /* MPLTests */ = {
			isa = PBXGroup;
			children = (
				8F9F962218A2B9BA0015EA00 /* MPLTests.m */,
				8F9F961D18A2B9BA0015EA00 /* Supporting Files */,
			);
			path = MPLTests;
			sourceTree = "<group>";
		};
		8F9F961D18A2B9BA0015EA00 /* Supporting Files */ = {
			isa = PBXGroup;
			children = (
				8F9F961E18A2B9BA0015EA00 /* MPLTests-Info.plist */,
				8F9F961F18A2B9BA0015EA00 /* InfoPlist.strings */,
			);
			name = "Supporting Files";
			sourceTree = "<group>";
		};
/* End PBXGroup section */

/* Begin PBXNativeTarget section */
		8F9F95F318A2B9BA0015EA00 /* MPL */ = {
			isa = PBXNativeTarget;
			buildConfigurationList = 8F9F962618A2B9BA0015EA00 /* Build configuration list for PBXNativeTarget "MPL" */;
			buildPhases = (
				8F9F95F018A2B9BA0015EA00 /* Sources */,
				8F9F95F118A2B9BA0015EA00 /* Frameworks */,
				8F9F95F218A2B9BA0015EA00 /* Resources */,
			);
			buildRules = (
			);
			dependencies = (
			);
			name = MPL;
			productName = MPL;
			productReference = 8F9F95F418A2B9BA0015EA00 /* MPL.app */;
			productType = "com.apple.product-type.application";
		};
		8F9F961418A2B9BA0015EA00 /* MPLTests */ = {
			isa = PBXNativeTarget;
			buildConfigurationList = 8F9F962918A2B9BA0015EA00 /* Build configuration list for PBXNativeTarget "MPLTests" */;
			buildPhases = (
				8F9F961118A2B9BA0015EA00 /* Sources */,
				8F9F961218A2B9BA0015EA00 /* Frameworks */,
				8F9F961318A2B9BA0015EA00 /* Resources */,
			);
			buildRules = (
			);
			dependencies = (
				8F9F961B18A2B9BA0015EA00 /* PBXTargetDependency */,
			);
			name = MPLTests;
			productName = MPLTests;
			productReference = 8F9F961518A2B9BA0015EA00 /* MPLTests.xctest */;
			productType = "com.apple.product-type.bundle.unit-test";
		};
/* End PBXNativeTarget section */

/* Begin PBXProject section */
		8F9F95EC18A2B9BA0015EA00 /* Project object */ = {
			isa = PBXProject;
			attributes = {
				CLASSPREFIX = DMV;
				LastUpgradeCheck = 0500;
				ORGANIZATIONNAME = "MPL Foundation";
				TargetAttributes = {
					8F9F961418A2B9BA0015EA00 = {
						TestTargetID = 8F9F95F318A2B9BA0015EA00;
					};
				};
			};
			buildConfigurationList = 8F9F95EF18A2B9BA0015EA00 /* Build configuration list for PBXProject "MPL" */;
			compatibilityVersion = "Xcode 3.2";
			developmentRegion = English;
			hasScannedForEncodings = 0;
			knownRegions = (
				en,
				Base,
			);
			mainGroup = 8F9F95EB18A2B9BA0015EA00;
			productRefGroup = 8F9F95F518A2B9BA0015EA00 /* Products */;
			projectDirPath = "";
			projectRoot = "";
			targets = (
				8F9F95F318A2B9BA0015EA00 /* MPL */,
				8F9F961418A2B9BA0015EA00 /* MPLTests */,
			);
		};
/* End PBXProject section */

/* Begin PBXResourcesBuildPhase section */
		8F9F95F218A2B9BA0015EA00 /* Resources */ = {
			isa = PBXResourcesBuildPhase;
			buildActionMask = 2147483647;
			files = (
				8F9F961018A2B9BA0015EA00 /* Images.xcassets in Resources */,
				8F9F960218A2B9BA0015EA00 /* InfoPlist.strings in Resources */,
				8F9F960B18A2B9BA0015EA00 /* Main.storyboard in Resources */,
				11208D9718A2C0DE008E8721 /* tarefas.txt in Resources */,
			);
			runOnlyForDeploymentPostprocessing = 0;
		};
		8F9F961318A2B9BA0015EA00 /* Resources */ = {
			isa = PBXResourcesBuildPhase;
			buildActionMask = 2147483647;
			files = (
				8F9F962118A2B9BA0015EA00 /* InfoPlist.strings in Resources */,
			);
			runOnlyForDeploymentPostprocessing = 0;
		};
/* End PBXResourcesBuildPhase section */

/* Begin PBXSourcesBuildPhase section */
		8F9F95F018A2B9BA0015EA00 /* Sources */ = {
			isa = PBXSourcesBuildPhase;
			buildActionMask = 2147483647;
			files = (
				11F9841918A53D6300BC743B /* DMVTableVController.m in Sources */,
				8F9F960818A2B9BA0015EA00 /* DMVAppDelegate.m in Sources */,
				8F9F960418A2B9BA0015EA00 /* main.m in Sources */,
				8F9F960E18A2B9BA0015EA00 /* DMVViewController.m in Sources */,
			);
			runOnlyForDeploymentPostprocessing = 0;
		};
		8F9F961118A2B9BA0015EA00 /* Sources */ = {
			isa = PBXSourcesBuildPhase;
			buildActionMask = 2147483647;
			files = (
				8F9F962318A2B9BA0015EA00 /* MPLTests.m in Sources */,
			);
			runOnlyForDeploymentPostprocessing = 0;
		};
/* End PBXSourcesBuildPhase section */

/* Begin PBXTargetDependency section */
		8F9F961B18A2B9BA0015EA00 /* PBXTargetDependency */ = {
			isa = PBXTargetDependency;
			target = 8F9F95F318A2B9BA0015EA00 /* MPL */;
			targetProxy = 8F9F961A18A2B9BA0015EA00 /* PBXContainerItemProxy */;
		};
/* End PBXTargetDependency section */

/* Begin PBXVariantGroup section */
		8F9F960018A2B9BA0015EA00 /* InfoPlist.strings */ = {
			isa = PBXVariantGroup;
			children = (
				8F9F960118A2B9BA0015EA00 /* en */,
			);
			name = InfoPlist.strings;
			sourceTree = "<group>";
		};
		8F9F960918A2B9BA0015EA00 /* Main.storyboard */ = {
			isa = PBXVariantGroup;
			children = (
				8F9F960A18A2B9BA0015EA00 /* Base */,
			);
			name = Main.storyboard;
			sourceTree = "<group>";
		};
		8F9F961F18A2B9BA0015EA00 /* InfoPlist.strings */ = {
			isa = PBXVariantGroup;
			children = (
				8F9F962018A2B9BA0015EA00 /* en */,
			);
			name = InfoPlist.strings;
			sourceTree = "<group>";
		};
/* End PBXVariantGroup section */

/* Begin XCBuildConfiguration section */
		8F9F962418A2B9BA0015EA00 /* Debug */ = {
			isa = XCBuildConfiguration;
			buildSettings = {
				ALWAYS_SEARCH_USER_PATHS = NO;
				ARCHS = "$(ARCHS_STANDARD_INCLUDING_64_BIT)";
				CLANG_CXX_LANGUAGE_STANDARD = "gnu++0x";
				CLANG_CXX_LIBRARY = "libc++";
				CLANG_ENABLE_MODULES = YES;
				CLANG_ENABLE_OBJC_ARC = YES;
				CLANG_WARN_BOOL_CONVERSION = YES;
				CLANG_WARN_CONSTANT_CONVERSION = YES;
				CLANG_WARN_DIRECT_OBJC_ISA_USAGE = YES_ERROR;
				CLANG_WARN_EMPTY_BODY = YES;
				CLANG_WARN_ENUM_CONVERSION = YES;
				CLANG_WARN_INT_CONVERSION = YES;
				CLANG_WARN_OBJC_ROOT_CLASS = YES_ERROR;
				CLANG_WARN__DUPLICATE_METHOD_MATCH = YES;
				"CODE_SIGN_IDENTITY[sdk=iphoneos*]" = "iPhone Developer";
				COPY_PHASE_STRIP = NO;
				GCC_C_LANGUAGE_STANDARD = gnu99;
				GCC_DYNAMIC_NO_PIC = NO;
				GCC_OPTIMIZATION_LEVEL = 0;
				GCC_PREPROCESSOR_DEFINITIONS = (
					"DEBUG=1",
					"$(inherited)",
				);
				GCC_SYMBOLS_PRIVATE_EXTERN = NO;
				GCC_WARN_64_TO_32_BIT_CONVERSION = YES;
				GCC_WARN_ABOUT_RETURN_TYPE = YES_ERROR;
				GCC_WARN_UNDECLARED_SELECTOR = YES;
				GCC_WARN_UNINITIALIZED_AUTOS = YES;
				GCC_WARN_UNUSED_FUNCTION = YES;
				GCC_WARN_UNUSED_VARIABLE = YES;
				IPHONEOS_DEPLOYMENT_TARGET = 7.0;
				ONLY_ACTIVE_ARCH = YES;
				SDKROOT = iphoneos;
			};
			name = Debug;
		};
		8F9F962518A2B9BA0015EA00 /* Release */ = {
			isa = XCBuildConfiguration;
			buildSettings = {
				ALWAYS_SEARCH_USER_PATHS = NO;
				ARCHS = "$(ARCHS_STANDARD_INCLUDING_64_BIT)";
				CLANG_CXX_LANGUAGE_STANDARD = "gnu++0x";
				CLANG_CXX_LIBRARY = "libc++";
				CLANG_ENABLE_MODULES = YES;
				CLANG_ENABLE_OBJC_ARC = YES;
				CLANG_WARN_BOOL_CONVERSION = YES;
				CLANG_WARN_CONSTANT_CONVERSION = YES;
				CLANG_WARN_DIRECT_OBJC_ISA_USAGE = YES_ERROR;
				CLANG_WARN_EMPTY_BODY = YES;
				CLANG_WARN_ENUM_CONVERSION = YES;
				CLANG_WARN_INT_CONVERSION = YES;
				CLANG_WARN_OBJC_ROOT_CLASS = YES_ERROR;
				CLANG_WARN__DUPLICATE_METHOD_MATCH = YES;
				"CODE_SIGN_IDENTITY[sdk=iphoneos*]" = "iPhone Developer";
				COPY_PHASE_STRIP = YES;
				ENABLE_NS_ASSERTIONS = NO;
				GCC_C_LANGUAGE_STANDARD = gnu99;
				GCC_WARN_64_TO_32_BIT_CONVERSION = YES;
				GCC_WARN_ABOUT_RETURN_TYPE = YES_ERROR;
				GCC_WARN_UNDECLARED_SELECTOR = YES;
				GCC_WARN_UNINITIALIZED_AUTOS = YES;
				GCC_WARN_UNUSED_FUNCTION = YES;
				GCC_WARN_UNUSED_VARIABLE = YES;
				IPHONEOS_DEPLOYMENT_TARGET = 7.0;
				SDKROOT = iphoneos;
				VALIDATE_PRODUCT = YES;
			};
			name = Release;
		};
		8F9F962718A2B9BA0015EA00 /* Debug */ = {
			isa = XCBuildConfiguration;
			buildSettings = {
				ASSETCATALOG_COMPILER_APPICON_NAME = AppIcon;
				ASSETCATALOG_COMPILER_LAUNCHIMAGE_NAME = LaunchImage;
				GCC_PRECOMPILE_PREFIX_HEADER = YES;
				GCC_PREFIX_HEADER = "MPL/MPL-Prefix.pch";
				INFOPLIST_FILE = "MPL/MPL-Info.plist";
				PRODUCT_NAME = "$(TARGET_NAME)";
				WRAPPER_EXTENSION = app;
			};
			name = Debug;
		};
		8F9F962818A2B9BA0015EA00 /* Release */ = {
			isa = XCBuildConfiguration;
			buildSettings = {
				ASSETCATALOG_COMPILER_APPICON_NAME = AppIcon;
				ASSETCATALOG_COMPILER_LAUNCHIMAGE_NAME = LaunchImage;
				GCC_PRECOMPILE_PREFIX_HEADER = YES;
				GCC_PREFIX_HEADER = "MPL/MPL-Prefix.pch";
				INFOPLIST_FILE = "MPL/MPL-Info.plist";
				PRODUCT_NAME = "$(TARGET_NAME)";
				WRAPPER_EXTENSION = app;
			};
			name = Release;
		};
		8F9F962A18A2B9BA0015EA00 /* Debug */ = {
			isa = XCBuildConfiguration;
			buildSettings = {
				ARCHS = "$(ARCHS_STANDARD_INCLUDING_64_BIT)";
				BUNDLE_LOADER = "$(BUILT_PRODUCTS_DIR)/MPL.app/MPL";
				FRAMEWORK_SEARCH_PATHS = (
					"$(SDKROOT)/Developer/Library/Frameworks",
					"$(inherited)",
					"$(DEVELOPER_FRAMEWORKS_DIR)",
				);
				GCC_PRECOMPILE_PREFIX_HEADER = YES;
				GCC_PREFIX_HEADER = "MPL/MPL-Prefix.pch";
				GCC_PREPROCESSOR_DEFINITIONS = (
					"DEBUG=1",
					"$(inherited)",
				);
				INFOPLIST_FILE = "MPLTests/MPLTests-Info.plist";
				PRODUCT_NAME = "$(TARGET_NAME)";
				TEST_HOST = "$(BUNDLE_LOADER)";
				WRAPPER_EXTENSION = xctest;
			};
			name = Debug;
		};
		8F9F962B18A2B9BA0015EA00 /* Release */ = {
			isa = XCBuildConfiguration;
			buildSettings = {
				ARCHS = "$(ARCHS_STANDARD_INCLUDING_64_BIT)";
				BUNDLE_LOADER = "$(BUILT_PRODUCTS_DIR)/MPL.app/MPL";
				FRAMEWORK_SEARCH_PATHS = (
					"$(SDKROOT)/Developer/Library/Frameworks",
					"$(inherited)",
					"$(DEVELOPER_FRAMEWORKS_DIR)",
				);
				GCC_PRECOMPILE_PREFIX_HEADER = YES;
				GCC_PREFIX_HEADER = "MPL/MPL-Prefix.pch";
				INFOPLIST_FILE = "MPLTests/MPLTests-Info.plist";
				PRODUCT_NAME = "$(TARGET_NAME)";
				TEST_HOST = "$(BUNDLE_LOADER)";
				WRAPPER_EXTENSION = xctest;
			};
			name = Release;
		};
/* End XCBuildConfiguration section */

/* Begin XCConfigurationList section */
		8F9F95EF18A2B9BA0015EA00 /* Build configuration list for PBXProject "MPL" */ = {
			isa = XCConfigurationList;
			buildConfigurations = (
				8F9F962418A2B9BA0015EA00 /* Debug */,
				8F9F962518A2B9BA0015EA00 /* Release */,
			);
			defaultConfigurationIsVisible = 0;
			defaultConfigurationName = Release;
		};
		8F9F962618A2B9BA0015EA00 /* Build configuration list for PBXNativeTarget "MPL" */ = {
			isa = XCConfigurationList;
			buildConfigurations = (
				8F9F962718A2B9BA0015EA00 /* Debug */,
				8F9F962818A2B9BA0015EA00 /* Release */,
			);
			defaultConfigurationIsVisible = 0;
			defaultConfigurationName = Release;
		};
		8F9F962918A2B9BA0015EA00 /* Build configuration list for PBXNativeTarget "MPLTests" */ = {
			isa = XCConfigurationList;
			buildConfigurations = (
				8F9F962A18A2B9BA0015EA00 /* Debug */,
				8F9F962B18A2B9BA0015EA00 /* Release */,
			);
			defaultConfigurationIsVisible = 0;
			defaultConfigurationName = Release;
		};
/* End XCConfigurationList section */
	};
	rootObject = 8F9F95EC18A2B9BA0015EA00 /* Project object */;
}
